// !$*UTF8*$!
{
	archiveVersion = 1;
	classes = {
	};
	objectVersion = 55;
	objects = {

/* Begin PBXBuildFile section */
		839F621B29B3D5840077F15B /* ProductMother.swift in Sources */ = {isa = PBXBuildFile; fileRef = 839F621A29B3D5840077F15B /* ProductMother.swift */; };
		839F621E29B4F77D0077F15B /* LoadingIndicatorView.swift in Sources */ = {isa = PBXBuildFile; fileRef = 839F621D29B4F77D0077F15B /* LoadingIndicatorView.swift */; };
		83A2F9B329B5ACDC00193C7E /* Localizable.strings in Resources */ = {isa = PBXBuildFile; fileRef = 83A2F9B229B5ACDC00193C7E /* Localizable.strings */; };
		83A863C429ADB9A300ABA8B7 /* ProductsService.swift in Sources */ = {isa = PBXBuildFile; fileRef = 83A863C329ADB9A300ABA8B7 /* ProductsService.swift */; };
		83A863C629ADC14600ABA8B7 /* EmptyTableView.swift in Sources */ = {isa = PBXBuildFile; fileRef = 83A863C529ADC14600ABA8B7 /* EmptyTableView.swift */; };
		83AB5A8829B3182200B84A35 /* ProductResponseListMother.swift in Sources */ = {isa = PBXBuildFile; fileRef = 83AB5A8729B3182200B84A35 /* ProductResponseListMother.swift */; };
		83AC23A229A3D59700FAC258 /* AppDelegate.swift in Sources */ = {isa = PBXBuildFile; fileRef = 83AC23A129A3D59700FAC258 /* AppDelegate.swift */; };
		83AC23A429A3D59700FAC258 /* SceneDelegate.swift in Sources */ = {isa = PBXBuildFile; fileRef = 83AC23A329A3D59700FAC258 /* SceneDelegate.swift */; };
		83AC23A629A3D59700FAC258 /* ProductListViewController.swift in Sources */ = {isa = PBXBuildFile; fileRef = 83AC23A529A3D59700FAC258 /* ProductListViewController.swift */; };
		83AC23AB29A3D59800FAC258 /* Assets.xcassets in Resources */ = {isa = PBXBuildFile; fileRef = 83AC23AA29A3D59800FAC258 /* Assets.xcassets */; };
		83AC23B929A3D59900FAC258 /* ProductListViewModelTests.swift in Sources */ = {isa = PBXBuildFile; fileRef = 83AC23B829A3D59900FAC258 /* ProductListViewModelTests.swift */; };
		83AC23C329A3D59900FAC258 /* CabifyShopUITests.swift in Sources */ = {isa = PBXBuildFile; fileRef = 83AC23C229A3D59900FAC258 /* CabifyShopUITests.swift */; };
		83AC23C529A3D59900FAC258 /* CabifyShopUITestsLaunchTests.swift in Sources */ = {isa = PBXBuildFile; fileRef = 83AC23C429A3D59900FAC258 /* CabifyShopUITestsLaunchTests.swift */; };
		83AC23D929A3D78D00FAC258 /* ProductListViewModel.swift in Sources */ = {isa = PBXBuildFile; fileRef = 83AC23D829A3D78D00FAC258 /* ProductListViewModel.swift */; };
		83AC23DC29A3D7D200FAC258 /* ProductListResponse.swift in Sources */ = {isa = PBXBuildFile; fileRef = 83AC23DB29A3D7D200FAC258 /* ProductListResponse.swift */; };
		83AC23DE29A3D7D500FAC258 /* Cart.swift in Sources */ = {isa = PBXBuildFile; fileRef = 83AC23DD29A3D7D500FAC258 /* Cart.swift */; };
		83AC23E229A3D7E800FAC258 /* ProductCell.swift in Sources */ = {isa = PBXBuildFile; fileRef = 83AC23E129A3D7E800FAC258 /* ProductCell.swift */; };
		83AC23E429A3D7EE00FAC258 /* Product.swift in Sources */ = {isa = PBXBuildFile; fileRef = 83AC23E329A3D7EE00FAC258 /* Product.swift */; };
		83AC23E829A3D80A00FAC258 /* AddToCartView.swift in Sources */ = {isa = PBXBuildFile; fileRef = 83AC23E729A3D80A00FAC258 /* AddToCartView.swift */; };
		83AC23EA29A3D86900FAC258 /* Deals.swift in Sources */ = {isa = PBXBuildFile; fileRef = 83AC23E929A3D86900FAC258 /* Deals.swift */; };
		83AC23F029A3D8AE00FAC258 /* String+Extension.swift in Sources */ = {isa = PBXBuildFile; fileRef = 83AC23EF29A3D8AE00FAC258 /* String+Extension.swift */; };
		83AC23F229A3D8B700FAC258 /* UIColor+Extension.swift in Sources */ = {isa = PBXBuildFile; fileRef = 83AC23F129A3D8B700FAC258 /* UIColor+Extension.swift */; };
		83AC23F429A3D8BE00FAC258 /* Double+Extension.swift in Sources */ = {isa = PBXBuildFile; fileRef = 83AC23F329A3D8BE00FAC258 /* Double+Extension.swift */; };
/* End PBXBuildFile section */

/* Begin PBXContainerItemProxy section */
		83AC23B529A3D59900FAC258 /* PBXContainerItemProxy */ = {
			isa = PBXContainerItemProxy;
			containerPortal = 83AC239629A3D59700FAC258 /* Project object */;
			proxyType = 1;
			remoteGlobalIDString = 83AC239D29A3D59700FAC258;
			remoteInfo = CabifyShop;
		};
		83AC23BF29A3D59900FAC258 /* PBXContainerItemProxy */ = {
			isa = PBXContainerItemProxy;
			containerPortal = 83AC239629A3D59700FAC258 /* Project object */;
			proxyType = 1;
			remoteGlobalIDString = 83AC239D29A3D59700FAC258;
			remoteInfo = CabifyShop;
		};
/* End PBXContainerItemProxy section */

/* Begin PBXFileReference section */
		839F621A29B3D5840077F15B /* ProductMother.swift */ = {isa = PBXFileReference; lastKnownFileType = sourcecode.swift; path = ProductMother.swift; sourceTree = "<group>"; };
		839F621D29B4F77D0077F15B /* LoadingIndicatorView.swift */ = {isa = PBXFileReference; lastKnownFileType = sourcecode.swift; path = LoadingIndicatorView.swift; sourceTree = "<group>"; };
		83A2F9B229B5ACDC00193C7E /* Localizable.strings */ = {isa = PBXFileReference; lastKnownFileType = text.plist.strings; path = Localizable.strings; sourceTree = "<group>"; };
		83A863C329ADB9A300ABA8B7 /* ProductsService.swift */ = {isa = PBXFileReference; lastKnownFileType = sourcecode.swift; path = ProductsService.swift; sourceTree = "<group>"; };
		83A863C529ADC14600ABA8B7 /* EmptyTableView.swift */ = {isa = PBXFileReference; lastKnownFileType = sourcecode.swift; path = EmptyTableView.swift; sourceTree = "<group>"; };
		83AB5A8729B3182200B84A35 /* ProductResponseListMother.swift */ = {isa = PBXFileReference; lastKnownFileType = sourcecode.swift; path = ProductResponseListMother.swift; sourceTree = "<group>"; };
		83AC239E29A3D59700FAC258 /* CabifyShop.app */ = {isa = PBXFileReference; explicitFileType = wrapper.application; includeInIndex = 0; path = CabifyShop.app; sourceTree = BUILT_PRODUCTS_DIR; };
		83AC23A129A3D59700FAC258 /* AppDelegate.swift */ = {isa = PBXFileReference; lastKnownFileType = sourcecode.swift; path = AppDelegate.swift; sourceTree = "<group>"; };
		83AC23A329A3D59700FAC258 /* SceneDelegate.swift */ = {isa = PBXFileReference; lastKnownFileType = sourcecode.swift; path = SceneDelegate.swift; sourceTree = "<group>"; };
		83AC23A529A3D59700FAC258 /* ProductListViewController.swift */ = {isa = PBXFileReference; lastKnownFileType = sourcecode.swift; path = ProductListViewController.swift; sourceTree = "<group>"; };
		83AC23AA29A3D59800FAC258 /* Assets.xcassets */ = {isa = PBXFileReference; lastKnownFileType = folder.assetcatalog; path = Assets.xcassets; sourceTree = "<group>"; };
		83AC23AF29A3D59800FAC258 /* Info.plist */ = {isa = PBXFileReference; lastKnownFileType = text.plist.xml; path = Info.plist; sourceTree = "<group>"; };
		83AC23B429A3D59900FAC258 /* CabifyShopTests.xctest */ = {isa = PBXFileReference; explicitFileType = wrapper.cfbundle; includeInIndex = 0; path = CabifyShopTests.xctest; sourceTree = BUILT_PRODUCTS_DIR; };
		83AC23B829A3D59900FAC258 /* ProductListViewModelTests.swift */ = {isa = PBXFileReference; lastKnownFileType = sourcecode.swift; path = ProductListViewModelTests.swift; sourceTree = "<group>"; };
		83AC23BE29A3D59900FAC258 /* CabifyShopUITests.xctest */ = {isa = PBXFileReference; explicitFileType = wrapper.cfbundle; includeInIndex = 0; path = CabifyShopUITests.xctest; sourceTree = BUILT_PRODUCTS_DIR; };
		83AC23C229A3D59900FAC258 /* CabifyShopUITests.swift */ = {isa = PBXFileReference; lastKnownFileType = sourcecode.swift; path = CabifyShopUITests.swift; sourceTree = "<group>"; };
		83AC23C429A3D59900FAC258 /* CabifyShopUITestsLaunchTests.swift */ = {isa = PBXFileReference; lastKnownFileType = sourcecode.swift; path = CabifyShopUITestsLaunchTests.swift; sourceTree = "<group>"; };
		83AC23D829A3D78D00FAC258 /* ProductListViewModel.swift */ = {isa = PBXFileReference; lastKnownFileType = sourcecode.swift; path = ProductListViewModel.swift; sourceTree = "<group>"; };
		83AC23DB29A3D7D200FAC258 /* ProductListResponse.swift */ = {isa = PBXFileReference; lastKnownFileType = sourcecode.swift; path = ProductListResponse.swift; sourceTree = "<group>"; };
		83AC23DD29A3D7D500FAC258 /* Cart.swift */ = {isa = PBXFileReference; lastKnownFileType = sourcecode.swift; path = Cart.swift; sourceTree = "<group>"; };
		83AC23E129A3D7E800FAC258 /* ProductCell.swift */ = {isa = PBXFileReference; lastKnownFileType = sourcecode.swift; path = ProductCell.swift; sourceTree = "<group>"; };
		83AC23E329A3D7EE00FAC258 /* Product.swift */ = {isa = PBXFileReference; lastKnownFileType = sourcecode.swift; path = Product.swift; sourceTree = "<group>"; };
		83AC23E729A3D80A00FAC258 /* AddToCartView.swift */ = {isa = PBXFileReference; lastKnownFileType = sourcecode.swift; path = AddToCartView.swift; sourceTree = "<group>"; };
		83AC23E929A3D86900FAC258 /* Deals.swift */ = {isa = PBXFileReference; lastKnownFileType = sourcecode.swift; path = Deals.swift; sourceTree = "<group>"; };
		83AC23EF29A3D8AE00FAC258 /* String+Extension.swift */ = {isa = PBXFileReference; lastKnownFileType = sourcecode.swift; path = "String+Extension.swift"; sourceTree = "<group>"; };
		83AC23F129A3D8B700FAC258 /* UIColor+Extension.swift */ = {isa = PBXFileReference; lastKnownFileType = sourcecode.swift; path = "UIColor+Extension.swift"; sourceTree = "<group>"; };
		83AC23F329A3D8BE00FAC258 /* Double+Extension.swift */ = {isa = PBXFileReference; lastKnownFileType = sourcecode.swift; path = "Double+Extension.swift"; sourceTree = "<group>"; };
/* End PBXFileReference section */

/* Begin PBXFrameworksBuildPhase section */
		83AC239B29A3D59700FAC258 /* Frameworks */ = {
			isa = PBXFrameworksBuildPhase;
			buildActionMask = 2147483647;
			files = (
			);
			runOnlyForDeploymentPostprocessing = 0;
		};
		83AC23B129A3D59900FAC258 /* Frameworks */ = {
			isa = PBXFrameworksBuildPhase;
			buildActionMask = 2147483647;
			files = (
			);
			runOnlyForDeploymentPostprocessing = 0;
		};
		83AC23BB29A3D59900FAC258 /* Frameworks */ = {
			isa = PBXFrameworksBuildPhase;
			buildActionMask = 2147483647;
			files = (
			);
			runOnlyForDeploymentPostprocessing = 0;
		};
/* End PBXFrameworksBuildPhase section */

/* Begin PBXGroup section */
		839F621C29B4F61F0077F15B /* ProductListViewModel */ = {
			isa = PBXGroup;
			children = (
				83AC23B829A3D59900FAC258 /* ProductListViewModelTests.swift */,
				83AB5A8729B3182200B84A35 /* ProductResponseListMother.swift */,
				839F621A29B3D5840077F15B /* ProductMother.swift */,
			);
			path = ProductListViewModel;
			sourceTree = "<group>";
		};
		83A2F9AF29B5ACB100193C7E /* Localizable */ = {
			isa = PBXGroup;
			children = (
				83A2F9B229B5ACDC00193C7E /* Localizable.strings */,
			);
			path = Localizable;
			sourceTree = "<group>";
		};
		83A2F9B129B5ACBE00193C7E /* LoadingIndicator */ = {
			isa = PBXGroup;
			children = (
				839F621D29B4F77D0077F15B /* LoadingIndicatorView.swift */,
			);
			path = LoadingIndicator;
			sourceTree = "<group>";
		};
		83A863C029ADB96C00ABA8B7 /* DataManager */ = {
			isa = PBXGroup;
			children = (
				83A863C129ADB97600ABA8B7 /* Remote */,
			);
			path = DataManager;
			sourceTree = "<group>";
		};
		83A863C129ADB97600ABA8B7 /* Remote */ = {
			isa = PBXGroup;
			children = (
				83A863C329ADB9A300ABA8B7 /* ProductsService.swift */,
				83AC23DB29A3D7D200FAC258 /* ProductListResponse.swift */,
			);
			path = Remote;
			sourceTree = "<group>";
		};
		83AC239529A3D59700FAC258 = {
			isa = PBXGroup;
			children = (
				83AC23A029A3D59700FAC258 /* CabifyShop */,
				83AC23B729A3D59900FAC258 /* CabifyShopTests */,
				83AC23C129A3D59900FAC258 /* CabifyShopUITests */,
				83AC239F29A3D59700FAC258 /* Products */,
			);
			sourceTree = "<group>";
		};
		83AC239F29A3D59700FAC258 /* Products */ = {
			isa = PBXGroup;
			children = (
				83AC239E29A3D59700FAC258 /* CabifyShop.app */,
				83AC23B429A3D59900FAC258 /* CabifyShopTests.xctest */,
				83AC23BE29A3D59900FAC258 /* CabifyShopUITests.xctest */,
			);
			name = Products;
			sourceTree = "<group>";
		};
		83AC23A029A3D59700FAC258 /* CabifyShop */ = {
			isa = PBXGroup;
			children = (
				83AC23D229A3D69C00FAC258 /* Resources */,
				83AC23D129A3D69700FAC258 /* Sources */,
			);
			path = CabifyShop;
			sourceTree = "<group>";
		};
		83AC23B729A3D59900FAC258 /* CabifyShopTests */ = {
			isa = PBXGroup;
			children = (
				839F621C29B4F61F0077F15B /* ProductListViewModel */,
			);
			path = CabifyShopTests;
			sourceTree = "<group>";
		};
		83AC23C129A3D59900FAC258 /* CabifyShopUITests */ = {
			isa = PBXGroup;
			children = (
				83AC23C229A3D59900FAC258 /* CabifyShopUITests.swift */,
				83AC23C429A3D59900FAC258 /* CabifyShopUITestsLaunchTests.swift */,
			);
			path = CabifyShopUITests;
			sourceTree = "<group>";
		};
		83AC23D129A3D69700FAC258 /* Sources */ = {
			isa = PBXGroup;
			children = (
				83AC23EB29A3D89A00FAC258 /* Utility */,
				83AC23D329A3D6E100FAC258 /* Modules */,
				83AC23A129A3D59700FAC258 /* AppDelegate.swift */,
				83AC23A329A3D59700FAC258 /* SceneDelegate.swift */,
			);
			path = Sources;
			sourceTree = "<group>";
		};
		83AC23D229A3D69C00FAC258 /* Resources */ = {
			isa = PBXGroup;
			children = (
				83AC23AA29A3D59800FAC258 /* Assets.xcassets */,
				83AC23AF29A3D59800FAC258 /* Info.plist */,
			);
			path = Resources;
			sourceTree = "<group>";
		};
		83AC23D329A3D6E100FAC258 /* Modules */ = {
			isa = PBXGroup;
			children = (
				83AC23DA29A3D7B900FAC258 /* ProductList */,
			);
			path = Modules;
			sourceTree = "<group>";
		};
		83AC23D429A3D6E500FAC258 /* Model */ = {
			isa = PBXGroup;
			children = (
				83AC23DD29A3D7D500FAC258 /* Cart.swift */,
				83AC23E929A3D86900FAC258 /* Deals.swift */,
			);
			path = Model;
			sourceTree = "<group>";
		};
		83AC23D529A3D6E800FAC258 /* ViewModel */ = {
			isa = PBXGroup;
			children = (
				83AC23D829A3D78D00FAC258 /* ProductListViewModel.swift */,
			);
			path = ViewModel;
			sourceTree = "<group>";
		};
		83AC23D629A3D6ED00FAC258 /* View */ = {
			isa = PBXGroup;
			children = (
				83A863C529ADC14600ABA8B7 /* EmptyTableView.swift */,
				83AC23DF29A3D7DA00FAC258 /* Table */,
				83AC23A529A3D59700FAC258 /* ProductListViewController.swift */,
			);
			path = View;
			sourceTree = "<group>";
		};
		83AC23DA29A3D7B900FAC258 /* ProductList */ = {
			isa = PBXGroup;
			children = (
				83A863C029ADB96C00ABA8B7 /* DataManager */,
				83AC23D629A3D6ED00FAC258 /* View */,
				83AC23D529A3D6E800FAC258 /* ViewModel */,
				83AC23D429A3D6E500FAC258 /* Model */,
			);
			path = ProductList;
			sourceTree = "<group>";
		};
		83AC23DF29A3D7DA00FAC258 /* Table */ = {
			isa = PBXGroup;
			children = (
				83AC23E029A3D7DE00FAC258 /* Cell */,
			);
			path = Table;
			sourceTree = "<group>";
		};
		83AC23E029A3D7DE00FAC258 /* Cell */ = {
			isa = PBXGroup;
			children = (
				83AC23E129A3D7E800FAC258 /* ProductCell.swift */,
				83AC23E329A3D7EE00FAC258 /* Product.swift */,
				83AC23E629A3D7FE00FAC258 /* AddToCartView */,
			);
			path = Cell;
			sourceTree = "<group>";
		};
		83AC23E629A3D7FE00FAC258 /* AddToCartView */ = {
			isa = PBXGroup;
			children = (
				83AC23E729A3D80A00FAC258 /* AddToCartView.swift */,
			);
			path = AddToCartView;
			sourceTree = "<group>";
		};
		83AC23EB29A3D89A00FAC258 /* Utility */ = {
			isa = PBXGroup;
			children = (
				83A2F9B129B5ACBE00193C7E /* LoadingIndicator */,
				83A2F9AF29B5ACB100193C7E /* Localizable */,
				83AC23EC29A3D8A100FAC258 /* Extension */,
			);
			path = Utility;
			sourceTree = "<group>";
		};
		83AC23EC29A3D8A100FAC258 /* Extension */ = {
			isa = PBXGroup;
			children = (
				83AC23EF29A3D8AE00FAC258 /* String+Extension.swift */,
				83AC23F129A3D8B700FAC258 /* UIColor+Extension.swift */,
				83AC23F329A3D8BE00FAC258 /* Double+Extension.swift */,
			);
			path = Extension;
			sourceTree = "<group>";
		};
/* End PBXGroup section */

/* Begin PBXNativeTarget section */
		83AC239D29A3D59700FAC258 /* CabifyShop */ = {
			isa = PBXNativeTarget;
			buildConfigurationList = 83AC23C829A3D59900FAC258 /* Build configuration list for PBXNativeTarget "CabifyShop" */;
			buildPhases = (
				83AC239A29A3D59700FAC258 /* Sources */,
				83AC239B29A3D59700FAC258 /* Frameworks */,
				83AC239C29A3D59700FAC258 /* Resources */,
			);
			buildRules = (
			);
			dependencies = (
			);
			name = CabifyShop;
			productName = CabifyShop;
			productReference = 83AC239E29A3D59700FAC258 /* CabifyShop.app */;
			productType = "com.apple.product-type.application";
		};
		83AC23B329A3D59900FAC258 /* CabifyShopTests */ = {
			isa = PBXNativeTarget;
			buildConfigurationList = 83AC23CB29A3D59900FAC258 /* Build configuration list for PBXNativeTarget "CabifyShopTests" */;
			buildPhases = (
				83AC23B029A3D59900FAC258 /* Sources */,
				83AC23B129A3D59900FAC258 /* Frameworks */,
				83AC23B229A3D59900FAC258 /* Resources */,
			);
			buildRules = (
			);
			dependencies = (
				83AC23B629A3D59900FAC258 /* PBXTargetDependency */,
			);
			name = CabifyShopTests;
			productName = CabifyShopTests;
			productReference = 83AC23B429A3D59900FAC258 /* CabifyShopTests.xctest */;
			productType = "com.apple.product-type.bundle.unit-test";
		};
		83AC23BD29A3D59900FAC258 /* CabifyShopUITests */ = {
			isa = PBXNativeTarget;
			buildConfigurationList = 83AC23CE29A3D59900FAC258 /* Build configuration list for PBXNativeTarget "CabifyShopUITests" */;
			buildPhases = (
				83AC23BA29A3D59900FAC258 /* Sources */,
				83AC23BB29A3D59900FAC258 /* Frameworks */,
				83AC23BC29A3D59900FAC258 /* Resources */,
			);
			buildRules = (
			);
			dependencies = (
				83AC23C029A3D59900FAC258 /* PBXTargetDependency */,
			);
			name = CabifyShopUITests;
			productName = CabifyShopUITests;
			productReference = 83AC23BE29A3D59900FAC258 /* CabifyShopUITests.xctest */;
			productType = "com.apple.product-type.bundle.ui-testing";
		};
/* End PBXNativeTarget section */

/* Begin PBXProject section */
		83AC239629A3D59700FAC258 /* Project object */ = {
			isa = PBXProject;
			attributes = {
				BuildIndependentTargetsInParallel = 1;
				LastSwiftUpdateCheck = 1320;
				LastUpgradeCheck = 1320;
				TargetAttributes = {
					83AC239D29A3D59700FAC258 = {
						CreatedOnToolsVersion = 13.2.1;
					};
					83AC23B329A3D59900FAC258 = {
						CreatedOnToolsVersion = 13.2.1;
						TestTargetID = 83AC239D29A3D59700FAC258;
					};
					83AC23BD29A3D59900FAC258 = {
						CreatedOnToolsVersion = 13.2.1;
						TestTargetID = 83AC239D29A3D59700FAC258;
					};
				};
			};
			buildConfigurationList = 83AC239929A3D59700FAC258 /* Build configuration list for PBXProject "CabifyShop" */;
			compatibilityVersion = "Xcode 13.0";
			developmentRegion = en;
			hasScannedForEncodings = 0;
			knownRegions = (
				en,
				Base,
			);
			mainGroup = 83AC239529A3D59700FAC258;
			productRefGroup = 83AC239F29A3D59700FAC258 /* Products */;
			projectDirPath = "";
			projectRoot = "";
			targets = (
				83AC239D29A3D59700FAC258 /* CabifyShop */,
				83AC23B329A3D59900FAC258 /* CabifyShopTests */,
				83AC23BD29A3D59900FAC258 /* CabifyShopUITests */,
			);
		};
/* End PBXProject section */

/* Begin PBXResourcesBuildPhase section */
		83AC239C29A3D59700FAC258 /* Resources */ = {
			isa = PBXResourcesBuildPhase;
			buildActionMask = 2147483647;
			files = (
				83AC23AB29A3D59800FAC258 /* Assets.xcassets in Resources */,
				83A2F9B329B5ACDC00193C7E /* Localizable.strings in Resources */,
			);
			runOnlyForDeploymentPostprocessing = 0;
		};
		83AC23B229A3D59900FAC258 /* Resources */ = {
			isa = PBXResourcesBuildPhase;
			buildActionMask = 2147483647;
			files = (
			);
			runOnlyForDeploymentPostprocessing = 0;
		};
		83AC23BC29A3D59900FAC258 /* Resources */ = {
			isa = PBXResourcesBuildPhase;
			buildActionMask = 2147483647;
			files = (
			);
			runOnlyForDeploymentPostprocessing = 0;
		};
/* End PBXResourcesBuildPhase section */

/* Begin PBXSourcesBuildPhase section */
		83AC239A29A3D59700FAC258 /* Sources */ = {
			isa = PBXSourcesBuildPhase;
			buildActionMask = 2147483647;
			files = (
				83AC23A629A3D59700FAC258 /* ProductListViewController.swift in Sources */,
				83A863C629ADC14600ABA8B7 /* EmptyTableView.swift in Sources */,
				83AC23EA29A3D86900FAC258 /* Deals.swift in Sources */,
				83AC23F429A3D8BE00FAC258 /* Double+Extension.swift in Sources */,
				83AC23E429A3D7EE00FAC258 /* Product.swift in Sources */,
				839F621E29B4F77D0077F15B /* LoadingIndicatorView.swift in Sources */,
				83AC23F029A3D8AE00FAC258 /* String+Extension.swift in Sources */,
				83AC23E829A3D80A00FAC258 /* AddToCartView.swift in Sources */,
				83AC23DE29A3D7D500FAC258 /* Cart.swift in Sources */,
				83AC23A229A3D59700FAC258 /* AppDelegate.swift in Sources */,
				83AC23DC29A3D7D200FAC258 /* ProductListResponse.swift in Sources */,
				83AC23D929A3D78D00FAC258 /* ProductListViewModel.swift in Sources */,
				83AC23F229A3D8B700FAC258 /* UIColor+Extension.swift in Sources */,
				83AC23E229A3D7E800FAC258 /* ProductCell.swift in Sources */,
				83AC23A429A3D59700FAC258 /* SceneDelegate.swift in Sources */,
				83A863C429ADB9A300ABA8B7 /* ProductsService.swift in Sources */,
			);
			runOnlyForDeploymentPostprocessing = 0;
		};
		83AC23B029A3D59900FAC258 /* Sources */ = {
			isa = PBXSourcesBuildPhase;
			buildActionMask = 2147483647;
			files = (
				83AB5A8829B3182200B84A35 /* ProductResponseListMother.swift in Sources */,
				83AC23B929A3D59900FAC258 /* ProductListViewModelTests.swift in Sources */,
				839F621B29B3D5840077F15B /* ProductMother.swift in Sources */,
			);
			runOnlyForDeploymentPostprocessing = 0;
		};
		83AC23BA29A3D59900FAC258 /* Sources */ = {
			isa = PBXSourcesBuildPhase;
			buildActionMask = 2147483647;
			files = (
				83AC23C529A3D59900FAC258 /* CabifyShopUITestsLaunchTests.swift in Sources */,
				83AC23C329A3D59900FAC258 /* CabifyShopUITests.swift in Sources */,
			);
			runOnlyForDeploymentPostprocessing = 0;
		};
/* End PBXSourcesBuildPhase section */

/* Begin PBXTargetDependency section */
		83AC23B629A3D59900FAC258 /* PBXTargetDependency */ = {
			isa = PBXTargetDependency;
			target = 83AC239D29A3D59700FAC258 /* CabifyShop */;
			targetProxy = 83AC23B529A3D59900FAC258 /* PBXContainerItemProxy */;
		};
		83AC23C029A3D59900FAC258 /* PBXTargetDependency */ = {
			isa = PBXTargetDependency;
			target = 83AC239D29A3D59700FAC258 /* CabifyShop */;
			targetProxy = 83AC23BF29A3D59900FAC258 /* PBXContainerItemProxy */;
		};
/* End PBXTargetDependency section */

/* Begin XCBuildConfiguration section */
		83AC23C629A3D59900FAC258 /* Debug */ = {
			isa = XCBuildConfiguration;
			buildSettings = {
				ALWAYS_SEARCH_USER_PATHS = NO;
				CLANG_ANALYZER_NONNULL = YES;
				CLANG_ANALYZER_NUMBER_OBJECT_CONVERSION = YES_AGGRESSIVE;
				CLANG_CXX_LANGUAGE_STANDARD = "gnu++17";
				CLANG_CXX_LIBRARY = "libc++";
				CLANG_ENABLE_MODULES = YES;
				CLANG_ENABLE_OBJC_ARC = YES;
				CLANG_ENABLE_OBJC_WEAK = YES;
				CLANG_WARN_BLOCK_CAPTURE_AUTORELEASING = YES;
				CLANG_WARN_BOOL_CONVERSION = YES;
				CLANG_WARN_COMMA = YES;
				CLANG_WARN_CONSTANT_CONVERSION = YES;
				CLANG_WARN_DEPRECATED_OBJC_IMPLEMENTATIONS = YES;
				CLANG_WARN_DIRECT_OBJC_ISA_USAGE = YES_ERROR;
				CLANG_WARN_DOCUMENTATION_COMMENTS = YES;
				CLANG_WARN_EMPTY_BODY = YES;
				CLANG_WARN_ENUM_CONVERSION = YES;
				CLANG_WARN_INFINITE_RECURSION = YES;
				CLANG_WARN_INT_CONVERSION = YES;
				CLANG_WARN_NON_LITERAL_NULL_CONVERSION = YES;
				CLANG_WARN_OBJC_IMPLICIT_RETAIN_SELF = YES;
				CLANG_WARN_OBJC_LITERAL_CONVERSION = YES;
				CLANG_WARN_OBJC_ROOT_CLASS = YES_ERROR;
				CLANG_WARN_QUOTED_INCLUDE_IN_FRAMEWORK_HEADER = YES;
				CLANG_WARN_RANGE_LOOP_ANALYSIS = YES;
				CLANG_WARN_STRICT_PROTOTYPES = YES;
				CLANG_WARN_SUSPICIOUS_MOVE = YES;
				CLANG_WARN_UNGUARDED_AVAILABILITY = YES_AGGRESSIVE;
				CLANG_WARN_UNREACHABLE_CODE = YES;
				CLANG_WARN__DUPLICATE_METHOD_MATCH = YES;
				COPY_PHASE_STRIP = NO;
				DEBUG_INFORMATION_FORMAT = dwarf;
				ENABLE_STRICT_OBJC_MSGSEND = YES;
				ENABLE_TESTABILITY = YES;
				GCC_C_LANGUAGE_STANDARD = gnu11;
				GCC_DYNAMIC_NO_PIC = NO;
				GCC_NO_COMMON_BLOCKS = YES;
				GCC_OPTIMIZATION_LEVEL = 0;
				GCC_PREPROCESSOR_DEFINITIONS = (
					"DEBUG=1",
					"$(inherited)",
				);
				GCC_WARN_64_TO_32_BIT_CONVERSION = YES;
				GCC_WARN_ABOUT_RETURN_TYPE = YES_ERROR;
				GCC_WARN_UNDECLARED_SELECTOR = YES;
				GCC_WARN_UNINITIALIZED_AUTOS = YES_AGGRESSIVE;
				GCC_WARN_UNUSED_FUNCTION = YES;
				GCC_WARN_UNUSED_VARIABLE = YES;
				IPHONEOS_DEPLOYMENT_TARGET = 15.2;
				MTL_ENABLE_DEBUG_INFO = INCLUDE_SOURCE;
				MTL_FAST_MATH = YES;
				ONLY_ACTIVE_ARCH = YES;
				SDKROOT = iphoneos;
				SWIFT_ACTIVE_COMPILATION_CONDITIONS = DEBUG;
				SWIFT_OPTIMIZATION_LEVEL = "-Onone";
			};
			name = Debug;
		};
		83AC23C729A3D59900FAC258 /* Release */ = {
			isa = XCBuildConfiguration;
			buildSettings = {
				ALWAYS_SEARCH_USER_PATHS = NO;
				CLANG_ANALYZER_NONNULL = YES;
				CLANG_ANALYZER_NUMBER_OBJECT_CONVERSION = YES_AGGRESSIVE;
				CLANG_CXX_LANGUAGE_STANDARD = "gnu++17";
				CLANG_CXX_LIBRARY = "libc++";
				CLANG_ENABLE_MODULES = YES;
				CLANG_ENABLE_OBJC_ARC = YES;
				CLANG_ENABLE_OBJC_WEAK = YES;
				CLANG_WARN_BLOCK_CAPTURE_AUTORELEASING = YES;
				CLANG_WARN_BOOL_CONVERSION = YES;
				CLANG_WARN_COMMA = YES;
				CLANG_WARN_CONSTANT_CONVERSION = YES;
				CLANG_WARN_DEPRECATED_OBJC_IMPLEMENTATIONS = YES;
				CLANG_WARN_DIRECT_OBJC_ISA_USAGE = YES_ERROR;
				CLANG_WARN_DOCUMENTATION_COMMENTS = YES;
				CLANG_WARN_EMPTY_BODY = YES;
				CLANG_WARN_ENUM_CONVERSION = YES;
				CLANG_WARN_INFINITE_RECURSION = YES;
				CLANG_WARN_INT_CONVERSION = YES;
				CLANG_WARN_NON_LITERAL_NULL_CONVERSION = YES;
				CLANG_WARN_OBJC_IMPLICIT_RETAIN_SELF = YES;
				CLANG_WARN_OBJC_LITERAL_CONVERSION = YES;
				CLANG_WARN_OBJC_ROOT_CLASS = YES_ERROR;
				CLANG_WARN_QUOTED_INCLUDE_IN_FRAMEWORK_HEADER = YES;
				CLANG_WARN_RANGE_LOOP_ANALYSIS = YES;
				CLANG_WARN_STRICT_PROTOTYPES = YES;
				CLANG_WARN_SUSPICIOUS_MOVE = YES;
				CLANG_WARN_UNGUARDED_AVAILABILITY = YES_AGGRESSIVE;
				CLANG_WARN_UNREACHABLE_CODE = YES;
				CLANG_WARN__DUPLICATE_METHOD_MATCH = YES;
				COPY_PHASE_STRIP = NO;
				DEBUG_INFORMATION_FORMAT = "dwarf-with-dsym";
				ENABLE_NS_ASSERTIONS = NO;
				ENABLE_STRICT_OBJC_MSGSEND = YES;
				GCC_C_LANGUAGE_STANDARD = gnu11;
				GCC_NO_COMMON_BLOCKS = YES;
				GCC_WARN_64_TO_32_BIT_CONVERSION = YES;
				GCC_WARN_ABOUT_RETURN_TYPE = YES_ERROR;
				GCC_WARN_UNDECLARED_SELECTOR = YES;
				GCC_WARN_UNINITIALIZED_AUTOS = YES_AGGRESSIVE;
				GCC_WARN_UNUSED_FUNCTION = YES;
				GCC_WARN_UNUSED_VARIABLE = YES;
				IPHONEOS_DEPLOYMENT_TARGET = 15.2;
				MTL_ENABLE_DEBUG_INFO = NO;
				MTL_FAST_MATH = YES;
				SDKROOT = iphoneos;
				SWIFT_COMPILATION_MODE = wholemodule;
				SWIFT_OPTIMIZATION_LEVEL = "-O";
				VALIDATE_PRODUCT = YES;
			};
			name = Release;
		};
		83AC23C929A3D59900FAC258 /* Debug */ = {
			isa = XCBuildConfiguration;
			buildSettings = {
				ASSETCATALOG_COMPILER_APPICON_NAME = AppIcon;
				ASSETCATALOG_COMPILER_GLOBAL_ACCENT_COLOR_NAME = AccentColor;
				CODE_SIGN_STYLE = Automatic;
				CURRENT_PROJECT_VERSION = 1;
				DEVELOPMENT_TEAM = 7C9T7K4LUL;
				GENERATE_INFOPLIST_FILE = YES;
				INFOPLIST_FILE = CabifyShop/Resources/Info.plist;
				INFOPLIST_KEY_UIApplicationSupportsIndirectInputEvents = YES;
				INFOPLIST_KEY_UILaunchStoryboardName = LaunchScreen;
				INFOPLIST_KEY_UISupportedInterfaceOrientations_iPad = "UIInterfaceOrientationPortrait UIInterfaceOrientationPortraitUpsideDown UIInterfaceOrientationLandscapeLeft UIInterfaceOrientationLandscapeRight";
				INFOPLIST_KEY_UISupportedInterfaceOrientations_iPhone = "UIInterfaceOrientationPortrait UIInterfaceOrientationLandscapeLeft UIInterfaceOrientationLandscapeRight";
				LD_RUNPATH_SEARCH_PATHS = (
					"$(inherited)",
					"@executable_path/Frameworks",
				);
				MARKETING_VERSION = 1.0;
				PRODUCT_BUNDLE_IDENTIFIER = com.palvarezm.CabifyShop;
				PRODUCT_NAME = "$(TARGET_NAME)";
				SWIFT_EMIT_LOC_STRINGS = YES;
				SWIFT_VERSION = 5.0;
				TARGETED_DEVICE_FAMILY = "1,2";
			};
			name = Debug;
		};
		83AC23CA29A3D59900FAC258 /* Release */ = {
			isa = XCBuildConfiguration;
			buildSettings = {
				ASSETCATALOG_COMPILER_APPICON_NAME = AppIcon;
				ASSETCATALOG_COMPILER_GLOBAL_ACCENT_COLOR_NAME = AccentColor;
				CODE_SIGN_STYLE = Automatic;
				CURRENT_PROJECT_VERSION = 1;
				DEVELOPMENT_TEAM = 7C9T7K4LUL;
				GENERATE_INFOPLIST_FILE = YES;
				INFOPLIST_FILE = CabifyShop/Resources/Info.plist;
				INFOPLIST_KEY_UIApplicationSupportsIndirectInputEvents = YES;
				INFOPLIST_KEY_UILaunchStoryboardName = LaunchScreen;
				INFOPLIST_KEY_UISupportedInterfaceOrientations_iPad = "UIInterfaceOrientationPortrait UIInterfaceOrientationPortraitUpsideDown UIInterfaceOrientationLandscapeLeft UIInterfaceOrientationLandscapeRight";
				INFOPLIST_KEY_UISupportedInterfaceOrientations_iPhone = "UIInterfaceOrientationPortrait UIInterfaceOrientationLandscapeLeft UIInterfaceOrientationLandscapeRight";
				LD_RUNPATH_SEARCH_PATHS = (
					"$(inherited)",
					"@executable_path/Frameworks",
				);
				MARKETING_VERSION = 1.0;
				PRODUCT_BUNDLE_IDENTIFIER = com.palvarezm.CabifyShop;
				PRODUCT_NAME = "$(TARGET_NAME)";
				SWIFT_EMIT_LOC_STRINGS = YES;
				SWIFT_VERSION = 5.0;
				TARGETED_DEVICE_FAMILY = "1,2";
			};
			name = Release;
		};
		83AC23CC29A3D59900FAC258 /* Debug */ = {
			isa = XCBuildConfiguration;
			buildSettings = {
				ALWAYS_EMBED_SWIFT_STANDARD_LIBRARIES = YES;
				BUNDLE_LOADER = "$(TEST_HOST)";
				CODE_SIGN_STYLE = Automatic;
				CURRENT_PROJECT_VERSION = 1;
				DEVELOPMENT_TEAM = 7C9T7K4LUL;
				GENERATE_INFOPLIST_FILE = YES;
				IPHONEOS_DEPLOYMENT_TARGET = 15.2;
				MARKETING_VERSION = 1.0;
				PRODUCT_BUNDLE_IDENTIFIER = com.palvarezm.CabifyShopTests;
				PRODUCT_NAME = "$(TARGET_NAME)";
				SWIFT_EMIT_LOC_STRINGS = NO;
				SWIFT_VERSION = 5.0;
				TARGETED_DEVICE_FAMILY = "1,2";
				TEST_HOST = "$(BUILT_PRODUCTS_DIR)/CabifyShop.app/CabifyShop";
			};
			name = Debug;
		};
		83AC23CD29A3D59900FAC258 /* Release */ = {
			isa = XCBuildConfiguration;
			buildSettings = {
				ALWAYS_EMBED_SWIFT_STANDARD_LIBRARIES = YES;
				BUNDLE_LOADER = "$(TEST_HOST)";
				CODE_SIGN_STYLE = Automatic;
				CURRENT_PROJECT_VERSION = 1;
				DEVELOPMENT_TEAM = 7C9T7K4LUL;
				GENERATE_INFOPLIST_FILE = YES;
				IPHONEOS_DEPLOYMENT_TARGET = 15.2;
				MARKETING_VERSION = 1.0;
				PRODUCT_BUNDLE_IDENTIFIER = com.palvarezm.CabifyShopTests;
				PRODUCT_NAME = "$(TARGET_NAME)";
				SWIFT_EMIT_LOC_STRINGS = NO;
				SWIFT_VERSION = 5.0;
				TARGETED_DEVICE_FAMILY = "1,2";
				TEST_HOST = "$(BUILT_PRODUCTS_DIR)/CabifyShop.app/CabifyShop";
			};
			name = Release;
		};
		83AC23CF29A3D59900FAC258 /* Debug */ = {
			isa = XCBuildConfiguration;
			buildSettings = {
				ALWAYS_EMBED_SWIFT_STANDARD_LIBRARIES = YES;
				CODE_SIGN_STYLE = Automatic;
				CURRENT_PROJECT_VERSION = 1;
				DEVELOPMENT_TEAM = 7C9T7K4LUL;
				GENERATE_INFOPLIST_FILE = YES;
				MARKETING_VERSION = 1.0;
				PRODUCT_BUNDLE_IDENTIFIER = com.palvarezm.CabifyShopUITests;
				PRODUCT_NAME = "$(TARGET_NAME)";
				SWIFT_EMIT_LOC_STRINGS = NO;
				SWIFT_VERSION = 5.0;
				TARGETED_DEVICE_FAMILY = "1,2";
				TEST_TARGET_NAME = CabifyShop;
			};
			name = Debug;
		};
		83AC23D029A3D59900FAC258 /* Release */ = {
			isa = XCBuildConfiguration;
			buildSettings = {
				ALWAYS_EMBED_SWIFT_STANDARD_LIBRARIES = YES;
				CODE_SIGN_STYLE = Automatic;
				CURRENT_PROJECT_VERSION = 1;
				DEVELOPMENT_TEAM = 7C9T7K4LUL;
				GENERATE_INFOPLIST_FILE = YES;
				MARKETING_VERSION = 1.0;
				PRODUCT_BUNDLE_IDENTIFIER = com.palvarezm.CabifyShopUITests;
				PRODUCT_NAME = "$(TARGET_NAME)";
				SWIFT_EMIT_LOC_STRINGS = NO;
				SWIFT_VERSION = 5.0;
				TARGETED_DEVICE_FAMILY = "1,2";
				TEST_TARGET_NAME = CabifyShop;
			};
			name = Release;
		};
/* End XCBuildConfiguration section */

/* Begin XCConfigurationList section */
		83AC239929A3D59700FAC258 /* Build configuration list for PBXProject "CabifyShop" */ = {
			isa = XCConfigurationList;
			buildConfigurations = (
				83AC23C629A3D59900FAC258 /* Debug */,
				83AC23C729A3D59900FAC258 /* Release */,
			);
			defaultConfigurationIsVisible = 0;
			defaultConfigurationName = Release;
		};
		83AC23C829A3D59900FAC258 /* Build configuration list for PBXNativeTarget "CabifyShop" */ = {
			isa = XCConfigurationList;
			buildConfigurations = (
				83AC23C929A3D59900FAC258 /* Debug */,
				83AC23CA29A3D59900FAC258 /* Release */,
			);
			defaultConfigurationIsVisible = 0;
			defaultConfigurationName = Release;
		};
		83AC23CB29A3D59900FAC258 /* Build configuration list for PBXNativeTarget "CabifyShopTests" */ = {
			isa = XCConfigurationList;
			buildConfigurations = (
				83AC23CC29A3D59900FAC258 /* Debug */,
				83AC23CD29A3D59900FAC258 /* Release */,
			);
			defaultConfigurationIsVisible = 0;
			defaultConfigurationName = Release;
		};
		83AC23CE29A3D59900FAC258 /* Build configuration list for PBXNativeTarget "CabifyShopUITests" */ = {
			isa = XCConfigurationList;
			buildConfigurations = (
				83AC23CF29A3D59900FAC258 /* Debug */,
				83AC23D029A3D59900FAC258 /* Release */,
			);
			defaultConfigurationIsVisible = 0;
			defaultConfigurationName = Release;
		};
/* End XCConfigurationList section */
	};
	rootObject = 83AC239629A3D59700FAC258 /* Project object */;
}
